
Microsoft Visual Studio Solution File, Format Version 12.00
# Visual Studio 15
VisualStudioVersion = 15.0.28010.2026
MinimumVisualStudioVersion = 10.0.40219.1
Project("{FAE04EC0-301F-11D3-BF4B-00C04F79EFBC}") = "Laba3(4)", "Laba3(4)\Laba3(4).csproj", "{0D36A70C-AB0C-42AF-A351-E10E1C85728F}"
EndProject
Global
	GlobalSection(SolutionConfigurationPlatforms) = preSolution
		Debug|Any CPU = Debug|Any CPU
		Release|Any CPU = Release|Any CPU
	EndGlobalSection
	GlobalSection(ProjectConfigurationPlatforms) = postSolution
		{0D36A70C-AB0C-42AF-A351-E10E1C85728F}.Debug|Any CPU.ActiveCfg = Debug|Any CPU
		{0D36A70C-AB0C-42AF-A351-E10E1C85728F}.Debug|Any CPU.Build.0 = Debug|Any CPU
		{0D36A70C-AB0C-42AF-A351-E10E1C85728F}.Release|Any CPU.ActiveCfg = Release|Any CPU
		{0D36A70C-AB0C-42AF-A351-E10E1C85728F}.Release|Any CPU.Build.0 = Release|Any CPU
	EndGlobalSection
	GlobalSection(SolutionProperties) = preSolution
		HideSolutionNode = FALSE
	EndGlobalSection
	GlobalSection(ExtensibilityGlobals) = postSolution
		SolutionGuid = {E230783C-55B8-48DE-9292-52E44EB71FE2}
	EndGlobalSection
EndGlobal
